
Microsoft Visual Studio Solution File, Format Version 12.00
# Visual Studio Version 17
VisualStudioVersion = 17.1.32421.90
MinimumVisualStudioVersion = 10.0.40219.1
Project("{00D1A9C2-B5F0-4AF3-8072-F6C62B433612}") = "OrderManagment.SQL", "OrderManagment.SQL\OrderManagment.SQL.sqlproj", "{7F6164DF-E1A8-4B42-8A3C-B52823D3047C}"
EndProject
Project("{9A19103F-16F7-4668-BE54-9A1E7A4F7556}") = "OrderManagment.Repository", "OrderManagment.Repository\OrderManagment.Repository.csproj", "{D1687B0B-FCE5-4A2A-87B6-B88992EDCD88}"
EndProject
Project("{2150E333-8FDC-42A3-9474-1A3956D46DE8}") = "Database", "Database", "{E209A0B7-21B7-4EA2-96DF-5C73A209402B}"
EndProject
Project("{9A19103F-16F7-4668-BE54-9A1E7A4F7556}") = "OrderManagment.API", "OrderManagment.API\OrderManagment.API.csproj", "{F774EF05-F529-4B87-9693-34112145BE65}"
EndProject
Project("{2150E333-8FDC-42A3-9474-1A3956D46DE8}") = "Presentation", "Presentation", "{0E7254A9-6A89-4C59-A529-2B1E0E4A7457}"
EndProject
Project("{2150E333-8FDC-42A3-9474-1A3956D46DE8}") = "Core", "Core", "{8C9A94FE-711F-488E-8FBD-D91956759950}"
EndProject
Project("{2150E333-8FDC-42A3-9474-1A3956D46DE8}") = "Infrastructure", "Infrastructure", "{AA1B295E-BEF5-4492-A1C8-CC518D96DC97}"
EndProject
Project("{2150E333-8FDC-42A3-9474-1A3956D46DE8}") = "Tests", "Tests", "{F97852B1-C2E5-488F-A806-39789FA77F77}"
EndProject
Project("{FAE04EC0-301F-11D3-BF4B-00C04F79EFBC}") = "OrderManagment.Domain", "OrderManagment.Domain\OrderManagment.Domain.csproj", "{7967836A-485C-44B5-8CF7-F32AE79C5ADF}"
EndProject
Project("{FAE04EC0-301F-11D3-BF4B-00C04F79EFBC}") = "OrderManagment.IntegrationTests", "OrderManagment.IntegrationTests\OrderManagment.IntegrationTests.csproj", "{1FE19608-F7B2-4582-9D30-50334EBB41EC}"
EndProject
Project("{9A19103F-16F7-4668-BE54-9A1E7A4F7556}") = "OrderManagment.Application", "OrderManagment.Application\OrderManagment.Application.csproj", "{E26CEBC2-11A2-485C-9068-BCA50494D83C}"
EndProject
Project("{9A19103F-16F7-4668-BE54-9A1E7A4F7556}") = "OrderManagment.UnitTest", "OrderManagment.UnitTests\OrderManagment.UnitTest.csproj", "{FC32F95D-0307-4BC2-ADAE-9B8E70E75609}"
EndProject
Project("{2150E333-8FDC-42A3-9474-1A3956D46DE8}") = "Docs", "Docs", "{73013DFA-0427-4A82-BF1D-07C64410EFDB}"
	ProjectSection(SolutionItems) = preProject
		.dockerignore = .dockerignore
		.gitignore = .gitignore
		README.md = README.md
	EndProjectSection
EndProject
Global
	GlobalSection(SolutionConfigurationPlatforms) = preSolution
		Debug|Any CPU = Debug|Any CPU
		Release|Any CPU = Release|Any CPU
	EndGlobalSection
	GlobalSection(ProjectConfigurationPlatforms) = postSolution
		{7F6164DF-E1A8-4B42-8A3C-B52823D3047C}.Debug|Any CPU.ActiveCfg = Debug|Any CPU
		{7F6164DF-E1A8-4B42-8A3C-B52823D3047C}.Debug|Any CPU.Build.0 = Debug|Any CPU
		{7F6164DF-E1A8-4B42-8A3C-B52823D3047C}.Debug|Any CPU.Deploy.0 = Debug|Any CPU
		{7F6164DF-E1A8-4B42-8A3C-B52823D3047C}.Release|Any CPU.ActiveCfg = Release|Any CPU
		{7F6164DF-E1A8-4B42-8A3C-B52823D3047C}.Release|Any CPU.Build.0 = Release|Any CPU
		{7F6164DF-E1A8-4B42-8A3C-B52823D3047C}.Release|Any CPU.Deploy.0 = Release|Any CPU
		{D1687B0B-FCE5-4A2A-87B6-B88992EDCD88}.Debug|Any CPU.ActiveCfg = Debug|Any CPU
		{D1687B0B-FCE5-4A2A-87B6-B88992EDCD88}.Debug|Any CPU.Build.0 = Debug|Any CPU
		{D1687B0B-FCE5-4A2A-87B6-B88992EDCD88}.Release|Any CPU.ActiveCfg = Release|Any CPU
		{D1687B0B-FCE5-4A2A-87B6-B88992EDCD88}.Release|Any CPU.Build.0 = Release|Any CPU
		{F774EF05-F529-4B87-9693-34112145BE65}.Debug|Any CPU.ActiveCfg = Debug|Any CPU
		{F774EF05-F529-4B87-9693-34112145BE65}.Debug|Any CPU.Build.0 = Debug|Any CPU
		{F774EF05-F529-4B87-9693-34112145BE65}.Release|Any CPU.ActiveCfg = Release|Any CPU
		{F774EF05-F529-4B87-9693-34112145BE65}.Release|Any CPU.Build.0 = Release|Any CPU
		{7967836A-485C-44B5-8CF7-F32AE79C5ADF}.Debug|Any CPU.ActiveCfg = Debug|Any CPU
		{7967836A-485C-44B5-8CF7-F32AE79C5ADF}.Debug|Any CPU.Build.0 = Debug|Any CPU
		{7967836A-485C-44B5-8CF7-F32AE79C5ADF}.Release|Any CPU.ActiveCfg = Release|Any CPU
		{7967836A-485C-44B5-8CF7-F32AE79C5ADF}.Release|Any CPU.Build.0 = Release|Any CPU
		{1FE19608-F7B2-4582-9D30-50334EBB41EC}.Debug|Any CPU.ActiveCfg = Debug|Any CPU
		{1FE19608-F7B2-4582-9D30-50334EBB41EC}.Debug|Any CPU.Build.0 = Debug|Any CPU
		{1FE19608-F7B2-4582-9D30-50334EBB41EC}.Release|Any CPU.ActiveCfg = Release|Any CPU
		{1FE19608-F7B2-4582-9D30-50334EBB41EC}.Release|Any CPU.Build.0 = Release|Any CPU
		{E26CEBC2-11A2-485C-9068-BCA50494D83C}.Debug|Any CPU.ActiveCfg = Debug|Any CPU
		{E26CEBC2-11A2-485C-9068-BCA50494D83C}.Debug|Any CPU.Build.0 = Debug|Any CPU
		{E26CEBC2-11A2-485C-9068-BCA50494D83C}.Release|Any CPU.ActiveCfg = Release|Any CPU
		{E26CEBC2-11A2-485C-9068-BCA50494D83C}.Release|Any CPU.Build.0 = Release|Any CPU
		{FC32F95D-0307-4BC2-ADAE-9B8E70E75609}.Debug|Any CPU.ActiveCfg = Debug|Any CPU
		{FC32F95D-0307-4BC2-ADAE-9B8E70E75609}.Debug|Any CPU.Build.0 = Debug|Any CPU
		{FC32F95D-0307-4BC2-ADAE-9B8E70E75609}.Release|Any CPU.ActiveCfg = Release|Any CPU
		{FC32F95D-0307-4BC2-ADAE-9B8E70E75609}.Release|Any CPU.Build.0 = Release|Any CPU
	EndGlobalSection
	GlobalSection(SolutionProperties) = preSolution
		HideSolutionNode = FALSE
	EndGlobalSection
	GlobalSection(NestedProjects) = preSolution
		{7F6164DF-E1A8-4B42-8A3C-B52823D3047C} = {E209A0B7-21B7-4EA2-96DF-5C73A209402B}
		{D1687B0B-FCE5-4A2A-87B6-B88992EDCD88} = {AA1B295E-BEF5-4492-A1C8-CC518D96DC97}
		{E209A0B7-21B7-4EA2-96DF-5C73A209402B} = {AA1B295E-BEF5-4492-A1C8-CC518D96DC97}
		{F774EF05-F529-4B87-9693-34112145BE65} = {0E7254A9-6A89-4C59-A529-2B1E0E4A7457}
		{7967836A-485C-44B5-8CF7-F32AE79C5ADF} = {8C9A94FE-711F-488E-8FBD-D91956759950}
		{1FE19608-F7B2-4582-9D30-50334EBB41EC} = {F97852B1-C2E5-488F-A806-39789FA77F77}
		{E26CEBC2-11A2-485C-9068-BCA50494D83C} = {8C9A94FE-711F-488E-8FBD-D91956759950}
		{FC32F95D-0307-4BC2-ADAE-9B8E70E75609} = {F97852B1-C2E5-488F-A806-39789FA77F77}
	EndGlobalSection
	GlobalSection(ExtensibilityGlobals) = postSolution
		SolutionGuid = {404D3F92-9773-4B1E-AB09-F710214AC914}
	EndGlobalSection
EndGlobal
